
Microsoft Visual Studio Solution File, Format Version 11.00
# Visual Studio 2010
Project("{FAE04EC0-301F-11D3-BF4B-00C04F79EFBC}") = "Natol.PerformanceCounter2CloudWatch.Framework", "..\..\Class Libraries\Natol.PerformanceCounter2CloudWatch.Framework\Natol.PerformanceCounter2CloudWatch.Framework.csproj", "{B2244C1E-65F9-4E4A-AC94-0CD483C0C95C}"
EndProject
Project("{FAE04EC0-301F-11D3-BF4B-00C04F79EFBC}") = "Natol.PerformanceCounter2CloudWatch.IIS", "..\..\Class Libraries\Natol.PerformanceCounter2CloudWatch.IIS\Natol.PerformanceCounter2CloudWatch.IIS.csproj", "{D51A279A-4889-4E19-AFF0-E3952E8616A2}"
EndProject
Project("{FAE04EC0-301F-11D3-BF4B-00C04F79EFBC}") = "Natol.PerformanceCounter2CloudWatch.PC2CWConsole", "..\..\Console Applications\Natol.PerformanceCounter2CloudWatch.PC2CWConsole\Natol.PerformanceCounter2CloudWatch.PC2CWConsole.csproj", "{2ACC87FF-F15D-4710-8359-AB2F82DEF140}"
EndProject
Project("{FAE04EC0-301F-11D3-BF4B-00C04F79EFBC}") = "Natol.PerformanceCounter2CloudWatch.PerformanceCounters", "..\..\Class Libraries\Natol.PerformanceCounter2CloudWatch.PerformanceCounters\Natol.PerformanceCounter2CloudWatch.PerformanceCounters.csproj", "{785FB819-932C-4D28-8EBF-992D6E48454A}"
EndProject
Global
	GlobalSection(SolutionConfigurationPlatforms) = preSolution
		Debug|Any CPU = Debug|Any CPU
		Debug|Mixed Platforms = Debug|Mixed Platforms
		Debug|x86 = Debug|x86
		Release|Any CPU = Release|Any CPU
		Release|Mixed Platforms = Release|Mixed Platforms
		Release|x86 = Release|x86
	EndGlobalSection
	GlobalSection(ProjectConfigurationPlatforms) = postSolution
		{B2244C1E-65F9-4E4A-AC94-0CD483C0C95C}.Debug|Any CPU.ActiveCfg = Debug|Any CPU
		{B2244C1E-65F9-4E4A-AC94-0CD483C0C95C}.Debug|Any CPU.Build.0 = Debug|Any CPU
		{B2244C1E-65F9-4E4A-AC94-0CD483C0C95C}.Debug|Mixed Platforms.ActiveCfg = Debug|Any CPU
		{B2244C1E-65F9-4E4A-AC94-0CD483C0C95C}.Debug|Mixed Platforms.Build.0 = Debug|Any CPU
		{B2244C1E-65F9-4E4A-AC94-0CD483C0C95C}.Debug|x86.ActiveCfg = Debug|Any CPU
		{B2244C1E-65F9-4E4A-AC94-0CD483C0C95C}.Release|Any CPU.ActiveCfg = Release|Any CPU
		{B2244C1E-65F9-4E4A-AC94-0CD483C0C95C}.Release|Any CPU.Build.0 = Release|Any CPU
		{B2244C1E-65F9-4E4A-AC94-0CD483C0C95C}.Release|Mixed Platforms.ActiveCfg = Release|Any CPU
		{B2244C1E-65F9-4E4A-AC94-0CD483C0C95C}.Release|Mixed Platforms.Build.0 = Release|Any CPU
		{B2244C1E-65F9-4E4A-AC94-0CD483C0C95C}.Release|x86.ActiveCfg = Release|Any CPU
		{D51A279A-4889-4E19-AFF0-E3952E8616A2}.Debug|Any CPU.ActiveCfg = Debug|Any CPU
		{D51A279A-4889-4E19-AFF0-E3952E8616A2}.Debug|Any CPU.Build.0 = Debug|Any CPU
		{D51A279A-4889-4E19-AFF0-E3952E8616A2}.Debug|Mixed Platforms.ActiveCfg = Debug|Any CPU
		{D51A279A-4889-4E19-AFF0-E3952E8616A2}.Debug|Mixed Platforms.Build.0 = Debug|Any CPU
		{D51A279A-4889-4E19-AFF0-E3952E8616A2}.Debug|x86.ActiveCfg = Debug|Any CPU
		{D51A279A-4889-4E19-AFF0-E3952E8616A2}.Release|Any CPU.ActiveCfg = Release|Any CPU
		{D51A279A-4889-4E19-AFF0-E3952E8616A2}.Release|Any CPU.Build.0 = Release|Any CPU
		{D51A279A-4889-4E19-AFF0-E3952E8616A2}.Release|Mixed Platforms.ActiveCfg = Release|Any CPU
		{D51A279A-4889-4E19-AFF0-E3952E8616A2}.Release|Mixed Platforms.Build.0 = Release|Any CPU
		{D51A279A-4889-4E19-AFF0-E3952E8616A2}.Release|x86.ActiveCfg = Release|Any CPU
		{2ACC87FF-F15D-4710-8359-AB2F82DEF140}.Debug|Any CPU.ActiveCfg = Debug|x86
		{2ACC87FF-F15D-4710-8359-AB2F82DEF140}.Debug|Mixed Platforms.ActiveCfg = Debug|x86
		{2ACC87FF-F15D-4710-8359-AB2F82DEF140}.Debug|Mixed Platforms.Build.0 = Debug|x86
		{2ACC87FF-F15D-4710-8359-AB2F82DEF140}.Debug|x86.ActiveCfg = Debug|x86
		{2ACC87FF-F15D-4710-8359-AB2F82DEF140}.Debug|x86.Build.0 = Debug|x86
		{2ACC87FF-F15D-4710-8359-AB2F82DEF140}.Release|Any CPU.ActiveCfg = Release|x86
		{2ACC87FF-F15D-4710-8359-AB2F82DEF140}.Release|Mixed Platforms.ActiveCfg = Release|x86
		{2ACC87FF-F15D-4710-8359-AB2F82DEF140}.Release|Mixed Platforms.Build.0 = Release|x86
		{2ACC87FF-F15D-4710-8359-AB2F82DEF140}.Release|x86.ActiveCfg = Release|x86
		{2ACC87FF-F15D-4710-8359-AB2F82DEF140}.Release|x86.Build.0 = Release|x86
		{785FB819-932C-4D28-8EBF-992D6E48454A}.Debug|Any CPU.ActiveCfg = Debug|Any CPU
		{785FB819-932C-4D28-8EBF-992D6E48454A}.Debug|Any CPU.Build.0 = Debug|Any CPU
		{785FB819-932C-4D28-8EBF-992D6E48454A}.Debug|Mixed Platforms.ActiveCfg = Debug|Any CPU
		{785FB819-932C-4D28-8EBF-992D6E48454A}.Debug|Mixed Platforms.Build.0 = Debug|Any CPU
		{785FB819-932C-4D28-8EBF-992D6E48454A}.Debug|x86.ActiveCfg = Debug|Any CPU
		{785FB819-932C-4D28-8EBF-992D6E48454A}.Release|Any CPU.ActiveCfg = Release|Any CPU
		{785FB819-932C-4D28-8EBF-992D6E48454A}.Release|Any CPU.Build.0 = Release|Any CPU
		{785FB819-932C-4D28-8EBF-992D6E48454A}.Release|Mixed Platforms.ActiveCfg = Release|Any CPU
		{785FB819-932C-4D28-8EBF-992D6E48454A}.Release|Mixed Platforms.Build.0 = Release|Any CPU
		{785FB819-932C-4D28-8EBF-992D6E48454A}.Release|x86.ActiveCfg = Release|Any CPU
	EndGlobalSection
	GlobalSection(SolutionProperties) = preSolution
		HideSolutionNode = FALSE
	EndGlobalSection
EndGlobal
